
Microsoft Visual Studio Solution File, Format Version 12.00
# Visual Studio Version 17
VisualStudioVersion = 17.11.35327.3
MinimumVisualStudioVersion = 10.0.40219.1
Project("{FAE04EC0-301F-11D3-BF4B-00C04F79EFBC}") = "SortedArrayExample", "SortedArrayExample\SortedArrayExample.csproj", "{2D333894-34BF-45B9-A2A3-10AAC4FF3677}"
EndProject
Global
	GlobalSection(SolutionConfigurationPlatforms) = preSolution
		Debug|Any CPU = Debug|Any CPU
		Release|Any CPU = Release|Any CPU
	EndGlobalSection
	GlobalSection(ProjectConfigurationPlatforms) = postSolution
		{2D333894-34BF-45B9-A2A3-10AAC4FF3677}.Debug|Any CPU.ActiveCfg = Debug|Any CPU
		{2D333894-34BF-45B9-A2A3-10AAC4FF3677}.Debug|Any CPU.Build.0 = Debug|Any CPU
		{2D333894-34BF-45B9-A2A3-10AAC4FF3677}.Release|Any CPU.ActiveCfg = Release|Any CPU
		{2D333894-34BF-45B9-A2A3-10AAC4FF3677}.Release|Any CPU.Build.0 = Release|Any CPU
	EndGlobalSection
	GlobalSection(SolutionProperties) = preSolution
		HideSolutionNode = FALSE
	EndGlobalSection
	GlobalSection(ExtensibilityGlobals) = postSolution
		SolutionGuid = {3468B287-71A3-4A43-80AD-832707DAC90E}
	EndGlobalSection
EndGlobal
